
Microsoft Visual Studio Solution File, Format Version 12.00
# Visual Studio Version 16
VisualStudioVersion = 16.0.32901.82
MinimumVisualStudioVersion = 10.0.40219.1
Project("{FAE04EC0-301F-11D3-BF4B-00C04F79EFBC}") = "EFSkills_CodeFirst", "EFSkills_CodeFirst.csproj", "{A337A341-7848-4C4E-B823-892E8D8F29B3}"
EndProject
Global
	GlobalSection(SolutionConfigurationPlatforms) = preSolution
		Debug|Any CPU = Debug|Any CPU
		Release|Any CPU = Release|Any CPU
	EndGlobalSection
	GlobalSection(ProjectConfigurationPlatforms) = postSolution
		{A337A341-7848-4C4E-B823-892E8D8F29B3}.Debug|Any CPU.ActiveCfg = Debug|Any CPU
		{A337A341-7848-4C4E-B823-892E8D8F29B3}.Debug|Any CPU.Build.0 = Debug|Any CPU
		{A337A341-7848-4C4E-B823-892E8D8F29B3}.Release|Any CPU.ActiveCfg = Release|Any CPU
		{A337A341-7848-4C4E-B823-892E8D8F29B3}.Release|Any CPU.Build.0 = Release|Any CPU
	EndGlobalSection
	GlobalSection(SolutionProperties) = preSolution
		HideSolutionNode = FALSE
	EndGlobalSection
	GlobalSection(ExtensibilityGlobals) = postSolution
		SolutionGuid = {A4E4272C-D351-4137-BA23-0A9816E6BEBD}
	EndGlobalSection
EndGlobal
